Microsoft Visual Studio Solution File, Format Version 12.00
# Visual Studio Version 17
VisualStudioVersion = 17.10.35004.147
MinimumVisualStudioVersion = 10.0.40219.1
Project("{9A19103F-16F7-4668-BE54-9A1E7A4F7556}") = "DiggerFlight.PcnAcnCalculator", "DiggerFlight.PcnAcnCalculator\DiggerFlight.PcnAcnCalculator.csproj", "{CBF212DC-3011-4EC3-A6B1-5630E3E2D2D5}"
EndProject
Project("{FAE04EC0-301F-11D3-BF4B-00C04F79EFBC}") = "DiggerFlight.PcnAcnCalculator.Test", "DiggerFlight.PcnAcnCalculator.Test\DiggerFlight.PcnAcnCalculator.Test.csproj", "{8965BE35-E155-4F67-BC54-1855B9F4C4B3}"
EndProject
Global
	GlobalSection(SolutionConfigurationPlatforms) = preSolution
		Debug|Any CPU = Debug|Any CPU
		Release|Any CPU = Release|Any CPU
	EndGlobalSection
	GlobalSection(ProjectConfigurationPlatforms) = postSolution
		{CBF212DC-3011-4EC3-A6B1-5630E3E2D2D5}.Debug|Any CPU.ActiveCfg = Debug|Any CPU
		{CBF212DC-3011-4EC3-A6B1-5630E3E2D2D5}.Debug|Any CPU.Build.0 = Debug|Any CPU
		{CBF212DC-3011-4EC3-A6B1-5630E3E2D2D5}.Release|Any CPU.ActiveCfg = Release|Any CPU
		{CBF212DC-3011-4EC3-A6B1-5630E3E2D2D5}.Release|Any CPU.Build.0 = Release|Any CPU
		{8965BE35-E155-4F67-BC54-1855B9F4C4B3}.Debug|Any CPU.ActiveCfg = Debug|Any CPU
		{8965BE35-E155-4F67-BC54-1855B9F4C4B3}.Debug|Any CPU.Build.0 = Debug|Any CPU
		{8965BE35-E155-4F67-BC54-1855B9F4C4B3}.Release|Any CPU.ActiveCfg = Release|Any CPU
		{8965BE35-E155-4F67-BC54-1855B9F4C4B3}.Release|Any CPU.Build.0 = Release|Any CPU
	EndGlobalSection
	GlobalSection(SolutionProperties) = preSolution
		HideSolutionNode = FALSE
	EndGlobalSection
	GlobalSection(ExtensibilityGlobals) = postSolution
		SolutionGuid = {5A0FD38E-7E25-4A3D-A1EC-F07EEEC9D999}
	EndGlobalSection
EndGlobal
